
Microsoft Visual Studio Solution File, Format Version 12.00
# Visual Studio 2015
Project("{FAE04EC0-301F-11D3-BF4B-00C04F79EFBC}") = "CSE165_3.CSharp", "CSE165_3.CSharp.csproj", "{58DAC450-CD7C-BBA2-FA68-EED17E3A9857}"
EndProject
Global
	GlobalSection(SolutionConfigurationPlatforms) = preSolution
		Debug|Any CPU = Debug|Any CPU
		Release|Any CPU = Release|Any CPU
	EndGlobalSection
	GlobalSection(ProjectConfigurationPlatforms) = postSolution
		{58DAC450-CD7C-BBA2-FA68-EED17E3A9857}.Debug|Any CPU.ActiveCfg = Debug|Any CPU
		{58DAC450-CD7C-BBA2-FA68-EED17E3A9857}.Debug|Any CPU.Build.0 = Debug|Any CPU
		{58DAC450-CD7C-BBA2-FA68-EED17E3A9857}.Release|Any CPU.ActiveCfg = Release|Any CPU
		{58DAC450-CD7C-BBA2-FA68-EED17E3A9857}.Release|Any CPU.Build.0 = Release|Any CPU
	EndGlobalSection
	GlobalSection(SolutionProperties) = preSolution
		HideSolutionNode = FALSE
	EndGlobalSection
EndGlobal
